
Microsoft Visual Studio Solution File, Format Version 12.00
# Visual Studio 15
VisualStudioVersion = 15.0.28010.2048
MinimumVisualStudioVersion = 10.0.40219.1
Project("{FAE04EC0-301F-11D3-BF4B-00C04F79EFBC}") = "MoonBot", "MoonBot\MoonBot.csproj", "{8AFC81EF-E027-44AF-BFB3-A7C9D2ABF090}"
EndProject
Project("{FAE04EC0-301F-11D3-BF4B-00C04F79EFBC}") = "MoonBot-Data", "MoonBot-Data\MoonBot-Data.csproj", "{50295A95-BB31-4F4A-B410-5687B02707FC}"
EndProject
Project("{FAE04EC0-301F-11D3-BF4B-00C04F79EFBC}") = "Moonbot-Objects", "Moonbot-Objects\Moonbot-Objects.csproj", "{6247396F-246A-47FC-B41B-AFB2E7AC39BC}"
EndProject
Global
	GlobalSection(SolutionConfigurationPlatforms) = preSolution
		Debug|Any CPU = Debug|Any CPU
		Release|Any CPU = Release|Any CPU
	EndGlobalSection
	GlobalSection(ProjectConfigurationPlatforms) = postSolution
		{8AFC81EF-E027-44AF-BFB3-A7C9D2ABF090}.Debug|Any CPU.ActiveCfg = Debug|Any CPU
		{8AFC81EF-E027-44AF-BFB3-A7C9D2ABF090}.Debug|Any CPU.Build.0 = Debug|Any CPU
		{8AFC81EF-E027-44AF-BFB3-A7C9D2ABF090}.Release|Any CPU.ActiveCfg = Release|Any CPU
		{8AFC81EF-E027-44AF-BFB3-A7C9D2ABF090}.Release|Any CPU.Build.0 = Release|Any CPU
		{50295A95-BB31-4F4A-B410-5687B02707FC}.Debug|Any CPU.ActiveCfg = Debug|Any CPU
		{50295A95-BB31-4F4A-B410-5687B02707FC}.Debug|Any CPU.Build.0 = Debug|Any CPU
		{50295A95-BB31-4F4A-B410-5687B02707FC}.Release|Any CPU.ActiveCfg = Release|Any CPU
		{50295A95-BB31-4F4A-B410-5687B02707FC}.Release|Any CPU.Build.0 = Release|Any CPU
		{6247396F-246A-47FC-B41B-AFB2E7AC39BC}.Debug|Any CPU.ActiveCfg = Debug|Any CPU
		{6247396F-246A-47FC-B41B-AFB2E7AC39BC}.Debug|Any CPU.Build.0 = Debug|Any CPU
		{6247396F-246A-47FC-B41B-AFB2E7AC39BC}.Release|Any CPU.ActiveCfg = Release|Any CPU
		{6247396F-246A-47FC-B41B-AFB2E7AC39BC}.Release|Any CPU.Build.0 = Release|Any CPU
	EndGlobalSection
	GlobalSection(SolutionProperties) = preSolution
		HideSolutionNode = FALSE
	EndGlobalSection
	GlobalSection(ExtensibilityGlobals) = postSolution
		SolutionGuid = {25578067-DFAF-47FD-835C-2427FA4B65B4}
	EndGlobalSection
EndGlobal
